
Microsoft Visual Studio Solution File, Format Version 12.00
# Visual Studio Version 17
VisualStudioVersion = 17.1.32210.238
MinimumVisualStudioVersion = 10.0.40219.1
Project("{FAE04EC0-301F-11D3-BF4B-00C04F79EFBC}") = "XuRunjing0221SkySharkWebApplication", "XuRunjing0221SkySharkWebApplication\XuRunjing0221SkySharkWebApplication.csproj", "{F1764D69-A308-489A-9F4F-CEE4F05B4571}"
EndProject
Global
	GlobalSection(SolutionConfigurationPlatforms) = preSolution
		Debug|Any CPU = Debug|Any CPU
		Release|Any CPU = Release|Any CPU
	EndGlobalSection
	GlobalSection(ProjectConfigurationPlatforms) = postSolution
		{F1764D69-A308-489A-9F4F-CEE4F05B4571}.Debug|Any CPU.ActiveCfg = Debug|Any CPU
		{F1764D69-A308-489A-9F4F-CEE4F05B4571}.Debug|Any CPU.Build.0 = Debug|Any CPU
		{F1764D69-A308-489A-9F4F-CEE4F05B4571}.Release|Any CPU.ActiveCfg = Release|Any CPU
		{F1764D69-A308-489A-9F4F-CEE4F05B4571}.Release|Any CPU.Build.0 = Release|Any CPU
	EndGlobalSection
	GlobalSection(SolutionProperties) = preSolution
		HideSolutionNode = FALSE
	EndGlobalSection
	GlobalSection(ExtensibilityGlobals) = postSolution
		SolutionGuid = {9423967D-C678-40B0-9BD8-F663F1BE2DC0}
	EndGlobalSection
EndGlobal
